uuid: 9528f16f-923b-410b-8f25-6890d3f311a0
langcode: en
status: true
dependencies:
  module:
    - block_content
_core:
  default_config_hash: agFTS5Ongqm_v27zr9dRq3SNm-JVN4q37vito91pQqc
id: block_content.field_entity_reference_block
field_name: field_entity_reference_block
entity_type: block_content
type: entity_reference
settings:
  target_type: block_content
module: core
locked: false
cardinality: -1
translatable: true
indexes: {  }
persist_with_no_fields: false
custom_storage: false
