uuid: ff5533fc-8c5f-43e5-8741-d29ac4d3ef70
langcode: en
status: true
dependencies:
  config:
    - block_content.type.ixm_blocks_accordion
    - block_content.type.ixm_blocks_accordion_item
    - field.storage.block_content.field_entity_reference_block
_core:
  default_config_hash: ho3MTPnbn_-uyBHMEgy20vj7aZbOslZYpitN3qfhE8E
id: block_content.ixm_blocks_accordion.field_entity_reference_block
field_name: field_entity_reference_block
entity_type: block_content
bundle: ixm_blocks_accordion
label: Accordion
description: ''
required: false
translatable: true
default_value: {  }
default_value_callback: ''
settings:
  handler: 'default:block_content'
  handler_settings:
    target_bundles:
      ixm_blocks_accordion_item: ixm_blocks_accordion_item
    sort:
      field: _none
    auto_create: false
    auto_create_bundle: ''
field_type: entity_reference
